{
    "name": "navno-cms-archive-common",
    "version": "0.0.0",
    "lockfileVersion": 3,
    "requires": true,
    "packages": {
        "": {
            "name": "navno-cms-archive-common",
            "version": "0.0.0",
            "dependencies": {
                "http-terminator": "3.2.0",
                "lru-cache": "11.0.1"
            }
        },
        "..": {
            "name": "navno-cms-archive-common",
            "version": "0.0.0",
            "extraneous": true,
            "devDependencies": {
                "@types/node": "22.7.5",
                "@typescript-eslint/eslint-plugin": "8.8.1",
                "@typescript-eslint/parser": "8.8.1",
                "@vitejs/plugin-react": "4.3.2",
                "eslint": "8.57.1",
                "eslint-plugin-css-modules": "2.12.0",
                "eslint-plugin-react": "7.37.1",
                "eslint-plugin-react-hooks": "4.6.2",
                "eslint-plugin-react-refresh": "0.4.12",
                "npm-run-all": "4.1.5",
                "prettier": "3.3.3",
                "react": "18.3.1",
                "rollup-plugin-visualizer": "5.12.0",
                "typescript": "5.6.3",
                "vite": "5.4.8"
            }
        },
        "node_modules/boolean": {
            "version": "3.2.0",
            "resolved": "https://registry.npmjs.org/boolean/-/boolean-3.2.0.tgz",
            "integrity": "sha512-d0II/GO9uf9lfUHH2BQsjxzRJZBdsjgsBiW4BvhWk/3qoKwQFjIDVN19PfX8F2D/r9PCMTtLWjYVCFrpeYUzsw==",
            "license": "MIT"
        },
        "node_modules/delay": {
            "version": "5.0.0",
            "resolved": "https://registry.npmjs.org/delay/-/delay-5.0.0.tgz",
            "integrity": "sha512-ReEBKkIfe4ya47wlPYf/gu5ib6yUG0/Aez0JQZQz94kiWtRQvZIQbTiehsnwHvLSWJnQdhVeqYue7Id1dKr0qw==",
            "license": "MIT",
            "engines": {
                "node": ">=10"
            },
            "funding": {
                "url": "https://github.com/sponsors/sindresorhus"
            }
        },
        "node_modules/fast-printf": {
            "version": "1.6.9",
            "resolved": "https://registry.npmjs.org/fast-printf/-/fast-printf-1.6.9.tgz",
            "integrity": "sha512-FChq8hbz65WMj4rstcQsFB0O7Cy++nmbNfLYnD9cYv2cRn8EG6k/MGn9kO/tjO66t09DLDugj3yL+V2o6Qftrg==",
            "license": "BSD-3-Clause",
            "dependencies": {
                "boolean": "^3.1.4"
            },
            "engines": {
                "node": ">=10.0"
            }
        },
        "node_modules/http-terminator": {
            "version": "3.2.0",
            "resolved": "https://registry.npmjs.org/http-terminator/-/http-terminator-3.2.0.tgz",
            "integrity": "sha512-JLjck1EzPaWjsmIf8bziM3p9fgR1Y3JoUKAkyYEbZmFrIvJM6I8vVJfBGWlEtV9IWOvzNnaTtjuwZeBY2kwB4g==",
            "license": "BSD-3-Clause",
            "dependencies": {
                "delay": "^5.0.0",
                "p-wait-for": "^3.2.0",
                "roarr": "^7.0.4",
                "type-fest": "^2.3.3"
            },
            "engines": {
                "node": ">=14"
            }
        },
        "node_modules/lru-cache": {
            "version": "11.0.1",
            "resolved": "https://registry.npmjs.org/lru-cache/-/lru-cache-11.0.1.tgz",
            "integrity": "sha512-CgeuL5uom6j/ZVrg7G/+1IXqRY8JXX4Hghfy5YE0EhoYQWvndP1kufu58cmZLNIDKnRhZrXfdS9urVWx98AipQ==",
            "license": "ISC",
            "engines": {
                "node": "20 || >=22"
            }
        },
        "node_modules/p-finally": {
            "version": "1.0.0",
            "resolved": "https://registry.npmjs.org/p-finally/-/p-finally-1.0.0.tgz",
            "integrity": "sha512-LICb2p9CB7FS+0eR1oqWnHhp0FljGLZCWBE9aix0Uye9W8LTQPwMTYVGWQWIw9RdQiDg4+epXQODwIYJtSJaow==",
            "license": "MIT",
            "engines": {
                "node": ">=4"
            }
        },
        "node_modules/p-timeout": {
            "version": "3.2.0",
            "resolved": "https://registry.npmjs.org/p-timeout/-/p-timeout-3.2.0.tgz",
            "integrity": "sha512-rhIwUycgwwKcP9yTOOFK/AKsAopjjCakVqLHePO3CC6Mir1Z99xT+R63jZxAT5lFZLa2inS5h+ZS2GvR99/FBg==",
            "license": "MIT",
            "dependencies": {
                "p-finally": "^1.0.0"
            },
            "engines": {
                "node": ">=8"
            }
        },
        "node_modules/p-wait-for": {
            "version": "3.2.0",
            "resolved": "https://registry.npmjs.org/p-wait-for/-/p-wait-for-3.2.0.tgz",
            "integrity": "sha512-wpgERjNkLrBiFmkMEjuZJEWKKDrNfHCKA1OhyN1wg1FrLkULbviEy6py1AyJUgZ72YWFbZ38FIpnqvVqAlDUwA==",
            "license": "MIT",
            "dependencies": {
                "p-timeout": "^3.0.0"
            },
            "engines": {
                "node": ">=8"
            },
            "funding": {
                "url": "https://github.com/sponsors/sindresorhus"
            }
        },
        "node_modules/roarr": {
            "version": "7.21.1",
            "resolved": "https://registry.npmjs.org/roarr/-/roarr-7.21.1.tgz",
            "integrity": "sha512-3niqt5bXFY1InKU8HKWqqYTYjtrBaxBMnXELXCXUYgtNYGUtZM5rB46HIC430AyacL95iEniGf7RgqsesykLmQ==",
            "license": "BSD-3-Clause",
            "dependencies": {
                "fast-printf": "^1.6.9",
                "safe-stable-stringify": "^2.4.3",
                "semver-compare": "^1.0.0"
            },
            "engines": {
                "node": ">=18.0"
            }
        },
        "node_modules/safe-stable-stringify": {
            "version": "2.5.0",
            "resolved": "https://registry.npmjs.org/safe-stable-stringify/-/safe-stable-stringify-2.5.0.tgz",
            "integrity": "sha512-b3rppTKm9T+PsVCBEOUR46GWI7fdOs00VKZ1+9c1EWDaDMvjQc6tUwuFyIprgGgTcWoVHSKrU8H31ZHA2e0RHA==",
            "license": "MIT",
            "engines": {
                "node": ">=10"
            }
        },
        "node_modules/semver-compare": {
            "version": "1.0.0",
            "resolved": "https://registry.npmjs.org/semver-compare/-/semver-compare-1.0.0.tgz",
            "integrity": "sha512-YM3/ITh2MJ5MtzaM429anh+x2jiLVjqILF4m4oyQB18W7Ggea7BfqdH/wGMK7dDiMghv/6WG7znWMwUDzJiXow==",
            "license": "MIT"
        },
        "node_modules/type-fest": {
            "version": "2.19.0",
            "resolved": "https://registry.npmjs.org/type-fest/-/type-fest-2.19.0.tgz",
            "integrity": "sha512-RAH822pAdBgcNMAfWnCBU3CFZcfZ/i1eZjwFU/dsLKumyuuP3niueg2UAukXYF0E2AAoc82ZSSf9J0WQBinzHA==",
            "license": "(MIT OR CC0-1.0)",
            "engines": {
                "node": ">=12.20"
            },
            "funding": {
                "url": "https://github.com/sponsors/sindresorhus"
            }
        }
    }
}
